
Microsoft Visual Studio Solution File, Format Version 12.00
# Visual Studio Version 16
VisualStudioVersion = 16.0.31129.286
MinimumVisualStudioVersion = 10.0.40219.1
Project("{FAE04EC0-301F-11D3-BF4B-00C04F79EFBC}") = "System", "System\System.csproj", "{D13802F4-9FA1-4DFA-917C-FDCC4C213F37}"
EndProject
Global
	GlobalSection(SolutionConfigurationPlatforms) = preSolution
		Debug|Any CPU = Debug|Any CPU
		Release|Any CPU = Release|Any CPU
	EndGlobalSection
	GlobalSection(ProjectConfigurationPlatforms) = postSolution
		{D13802F4-9FA1-4DFA-917C-FDCC4C213F37}.Debug|Any CPU.ActiveCfg = Debug|Any CPU
		{D13802F4-9FA1-4DFA-917C-FDCC4C213F37}.Debug|Any CPU.Build.0 = Debug|Any CPU
		{D13802F4-9FA1-4DFA-917C-FDCC4C213F37}.Release|Any CPU.ActiveCfg = Release|Any CPU
		{D13802F4-9FA1-4DFA-917C-FDCC4C213F37}.Release|Any CPU.Build.0 = Release|Any CPU
	EndGlobalSection
	GlobalSection(SolutionProperties) = preSolution
		HideSolutionNode = FALSE
	EndGlobalSection
	GlobalSection(ExtensibilityGlobals) = postSolution
		SolutionGuid = {F01D745E-2D0D-4E0E-8DF4-BA1206CF6C56}
	EndGlobalSection
EndGlobal
